
Microsoft Visual Studio Solution File, Format Version 12.00
Project("{FAE04EC0-301F-11D3-BF4B-00C04F79EFBC}") = "WebApp", "WebApp\WebApp.csproj", "{8BB02B20-7035-4ADF-9CAF-D59187695E6D}"
EndProject
Project("{2150E333-8FDC-42A3-9474-1A3956D46DE8}") = "Solution Items", "Solution Items", "{F2E0E29C-FB90-4AA8-AEE1-C27C52CFE98A}"
	ProjectSection(SolutionItems) = preProject
		README.md = README.md
		Directory.Build.props = Directory.Build.props
		.dockerignore = .dockerignore
		docker-compose.yml = docker-compose.yml
		.gitignore = .gitignore
	EndProjectSection
EndProject
Project("{2150E333-8FDC-42A3-9474-1A3956D46DE8}") = "ProjectProposal", "ProjectProposal", "{CA444BE9-518A-4232-9697-124D94909853}"
	ProjectSection(SolutionItems) = preProject
		ProjectProposalDocumentation\Add Profiles Model.png = ProjectProposalDocumentation\Add Profiles Model.png
		ProjectProposalDocumentation\Cinesta project.docx = ProjectProposalDocumentation\Cinesta project.docx
		ProjectProposalDocumentation\Cinesta project.pdf = ProjectProposalDocumentation\Cinesta project.pdf
		ProjectProposalDocumentation\ERD.png = ProjectProposalDocumentation\ERD.png
		ProjectProposalDocumentation\LogIn Model.png = ProjectProposalDocumentation\LogIn Model.png
		ProjectProposalDocumentation\Movies Library Model.png = ProjectProposalDocumentation\Movies Library Model.png
		ProjectProposalDocumentation\Plans Selector Model.png = ProjectProposalDocumentation\Plans Selector Model.png
		ProjectProposalDocumentation\Registration Model.png = ProjectProposalDocumentation\Registration Model.png
		ProjectProposalDocumentation\Web_App Map.png = ProjectProposalDocumentation\Web_App Map.png
	EndProjectSection
EndProject
Project("{2150E333-8FDC-42A3-9474-1A3956D46DE8}") = "Base", "Base", "{96B4460F-E01E-448F-AC2F-4870C3E55569}"
EndProject
Project("{2150E333-8FDC-42A3-9474-1A3956D46DE8}") = "Base.Contracts", "Base.Contracts", "{4C2BEA5B-E2D8-48D3-AE04-E6F3C3767F39}"
EndProject
Project("{FAE04EC0-301F-11D3-BF4B-00C04F79EFBC}") = "Base.Contracts.Domain", "Base.Contracts.Domain\Base.Contracts.Domain.csproj", "{E24D719A-ECEF-4730-9E66-A0C8696CDE86}"
EndProject
Project("{FAE04EC0-301F-11D3-BF4B-00C04F79EFBC}") = "Base.Domain", "Base.Domain\Base.Domain.csproj", "{EC84BBDF-A0E3-491D-8AFE-930ECA7C1B33}"
EndProject
Project("{2150E333-8FDC-42A3-9474-1A3956D46DE8}") = "App", "App", "{A52A2DCF-045D-41B1-A161-AC0F9340A113}"
EndProject
Project("{FAE04EC0-301F-11D3-BF4B-00C04F79EFBC}") = "App.Domain", "App.Domain\App.Domain.csproj", "{836EEA57-DCA8-4D1D-B516-C4ED6D15E89D}"
EndProject
Project("{FAE04EC0-301F-11D3-BF4B-00C04F79EFBC}") = "App.DAL.EF", "App.DAL.EF\App.DAL.EF.csproj", "{7032233C-20DD-4DA5-8373-C889B026F0DA}"
EndProject
Project("{FAE04EC0-301F-11D3-BF4B-00C04F79EFBC}") = "App.Resources", "App.Resources\App.Resources.csproj", "{5FE0BE14-C1AA-4712-82FD-512CE9E4E1EE}"
EndProject
Project("{FAE04EC0-301F-11D3-BF4B-00C04F79EFBC}") = "Base.Resources", "Base.Resources\Base.Resources.csproj", "{4ADF1EBA-5F13-4B9C-A7B1-A4719A7839E0}"
EndProject
Project("{FAE04EC0-301F-11D3-BF4B-00C04F79EFBC}") = "Helpers.WebApp", "Helpers.WebApp\Helpers.WebApp.csproj", "{2B993468-A68D-41F2-858D-9B13D09231CE}"
EndProject
Project("{FAE04EC0-301F-11D3-BF4B-00C04F79EFBC}") = "Base.Contracts.DAL", "Base.Contracts.DAL\Base.Contracts.DAL.csproj", "{24342519-A5E1-46A0-A57B-62AC2BCB8237}"
EndProject
Project("{FAE04EC0-301F-11D3-BF4B-00C04F79EFBC}") = "Base.DAL.EF", "Base.DAL.EF\Base.DAL.EF.csproj", "{45F3F66C-96A2-449F-9428-D5E66EA083DB}"
EndProject
Project("{FAE04EC0-301F-11D3-BF4B-00C04F79EFBC}") = "App.Contracts.DAL", "App.Contracts.DAL\App.Contracts.DAL.csproj", "{A622CB1B-2504-4E04-AD1F-DD3384F6F045}"
EndProject
Project("{FAE04EC0-301F-11D3-BF4B-00C04F79EFBC}") = "Base.Extensions", "Base.Extensions\Base.Extensions.csproj", "{300DB4FF-F144-4460-A147-97EBE6544544}"
EndProject
Project("{FAE04EC0-301F-11D3-BF4B-00C04F79EFBC}") = "App.DTO", "App.DTO\App.DTO.csproj", "{693E4215-7F0B-489D-9DEF-C30D0E8144D5}"
EndProject
Global
	GlobalSection(SolutionConfigurationPlatforms) = preSolution
		Debug|Any CPU = Debug|Any CPU
		Release|Any CPU = Release|Any CPU
	EndGlobalSection
	GlobalSection(ProjectConfigurationPlatforms) = postSolution
		{8BB02B20-7035-4ADF-9CAF-D59187695E6D}.Debug|Any CPU.ActiveCfg = Debug|Any CPU
		{8BB02B20-7035-4ADF-9CAF-D59187695E6D}.Debug|Any CPU.Build.0 = Debug|Any CPU
		{8BB02B20-7035-4ADF-9CAF-D59187695E6D}.Release|Any CPU.ActiveCfg = Release|Any CPU
		{8BB02B20-7035-4ADF-9CAF-D59187695E6D}.Release|Any CPU.Build.0 = Release|Any CPU
		{E24D719A-ECEF-4730-9E66-A0C8696CDE86}.Debug|Any CPU.ActiveCfg = Debug|Any CPU
		{E24D719A-ECEF-4730-9E66-A0C8696CDE86}.Debug|Any CPU.Build.0 = Debug|Any CPU
		{E24D719A-ECEF-4730-9E66-A0C8696CDE86}.Release|Any CPU.ActiveCfg = Release|Any CPU
		{E24D719A-ECEF-4730-9E66-A0C8696CDE86}.Release|Any CPU.Build.0 = Release|Any CPU
		{EC84BBDF-A0E3-491D-8AFE-930ECA7C1B33}.Debug|Any CPU.ActiveCfg = Debug|Any CPU
		{EC84BBDF-A0E3-491D-8AFE-930ECA7C1B33}.Debug|Any CPU.Build.0 = Debug|Any CPU
		{EC84BBDF-A0E3-491D-8AFE-930ECA7C1B33}.Release|Any CPU.ActiveCfg = Release|Any CPU
		{EC84BBDF-A0E3-491D-8AFE-930ECA7C1B33}.Release|Any CPU.Build.0 = Release|Any CPU
		{836EEA57-DCA8-4D1D-B516-C4ED6D15E89D}.Debug|Any CPU.ActiveCfg = Debug|Any CPU
		{836EEA57-DCA8-4D1D-B516-C4ED6D15E89D}.Debug|Any CPU.Build.0 = Debug|Any CPU
		{836EEA57-DCA8-4D1D-B516-C4ED6D15E89D}.Release|Any CPU.ActiveCfg = Release|Any CPU
		{836EEA57-DCA8-4D1D-B516-C4ED6D15E89D}.Release|Any CPU.Build.0 = Release|Any CPU
		{7032233C-20DD-4DA5-8373-C889B026F0DA}.Debug|Any CPU.ActiveCfg = Debug|Any CPU
		{7032233C-20DD-4DA5-8373-C889B026F0DA}.Debug|Any CPU.Build.0 = Debug|Any CPU
		{7032233C-20DD-4DA5-8373-C889B026F0DA}.Release|Any CPU.ActiveCfg = Release|Any CPU
		{7032233C-20DD-4DA5-8373-C889B026F0DA}.Release|Any CPU.Build.0 = Release|Any CPU
		{5FE0BE14-C1AA-4712-82FD-512CE9E4E1EE}.Debug|Any CPU.ActiveCfg = Debug|Any CPU
		{5FE0BE14-C1AA-4712-82FD-512CE9E4E1EE}.Debug|Any CPU.Build.0 = Debug|Any CPU
		{5FE0BE14-C1AA-4712-82FD-512CE9E4E1EE}.Release|Any CPU.ActiveCfg = Release|Any CPU
		{5FE0BE14-C1AA-4712-82FD-512CE9E4E1EE}.Release|Any CPU.Build.0 = Release|Any CPU
		{4ADF1EBA-5F13-4B9C-A7B1-A4719A7839E0}.Debug|Any CPU.ActiveCfg = Debug|Any CPU
		{4ADF1EBA-5F13-4B9C-A7B1-A4719A7839E0}.Debug|Any CPU.Build.0 = Debug|Any CPU
		{4ADF1EBA-5F13-4B9C-A7B1-A4719A7839E0}.Release|Any CPU.ActiveCfg = Release|Any CPU
		{4ADF1EBA-5F13-4B9C-A7B1-A4719A7839E0}.Release|Any CPU.Build.0 = Release|Any CPU
		{2B993468-A68D-41F2-858D-9B13D09231CE}.Debug|Any CPU.ActiveCfg = Debug|Any CPU
		{2B993468-A68D-41F2-858D-9B13D09231CE}.Debug|Any CPU.Build.0 = Debug|Any CPU
		{2B993468-A68D-41F2-858D-9B13D09231CE}.Release|Any CPU.ActiveCfg = Release|Any CPU
		{2B993468-A68D-41F2-858D-9B13D09231CE}.Release|Any CPU.Build.0 = Release|Any CPU
		{24342519-A5E1-46A0-A57B-62AC2BCB8237}.Debug|Any CPU.ActiveCfg = Debug|Any CPU
		{24342519-A5E1-46A0-A57B-62AC2BCB8237}.Debug|Any CPU.Build.0 = Debug|Any CPU
		{24342519-A5E1-46A0-A57B-62AC2BCB8237}.Release|Any CPU.ActiveCfg = Release|Any CPU
		{24342519-A5E1-46A0-A57B-62AC2BCB8237}.Release|Any CPU.Build.0 = Release|Any CPU
		{45F3F66C-96A2-449F-9428-D5E66EA083DB}.Debug|Any CPU.ActiveCfg = Debug|Any CPU
		{45F3F66C-96A2-449F-9428-D5E66EA083DB}.Debug|Any CPU.Build.0 = Debug|Any CPU
		{45F3F66C-96A2-449F-9428-D5E66EA083DB}.Release|Any CPU.ActiveCfg = Release|Any CPU
		{45F3F66C-96A2-449F-9428-D5E66EA083DB}.Release|Any CPU.Build.0 = Release|Any CPU
		{A622CB1B-2504-4E04-AD1F-DD3384F6F045}.Debug|Any CPU.ActiveCfg = Debug|Any CPU
		{A622CB1B-2504-4E04-AD1F-DD3384F6F045}.Debug|Any CPU.Build.0 = Debug|Any CPU
		{A622CB1B-2504-4E04-AD1F-DD3384F6F045}.Release|Any CPU.ActiveCfg = Release|Any CPU
		{A622CB1B-2504-4E04-AD1F-DD3384F6F045}.Release|Any CPU.Build.0 = Release|Any CPU
		{300DB4FF-F144-4460-A147-97EBE6544544}.Debug|Any CPU.ActiveCfg = Debug|Any CPU
		{300DB4FF-F144-4460-A147-97EBE6544544}.Debug|Any CPU.Build.0 = Debug|Any CPU
		{300DB4FF-F144-4460-A147-97EBE6544544}.Release|Any CPU.ActiveCfg = Release|Any CPU
		{300DB4FF-F144-4460-A147-97EBE6544544}.Release|Any CPU.Build.0 = Release|Any CPU
		{693E4215-7F0B-489D-9DEF-C30D0E8144D5}.Debug|Any CPU.ActiveCfg = Debug|Any CPU
		{693E4215-7F0B-489D-9DEF-C30D0E8144D5}.Debug|Any CPU.Build.0 = Debug|Any CPU
		{693E4215-7F0B-489D-9DEF-C30D0E8144D5}.Release|Any CPU.ActiveCfg = Release|Any CPU
		{693E4215-7F0B-489D-9DEF-C30D0E8144D5}.Release|Any CPU.Build.0 = Release|Any CPU
	EndGlobalSection
	GlobalSection(NestedProjects) = preSolution
		{E24D719A-ECEF-4730-9E66-A0C8696CDE86} = {4C2BEA5B-E2D8-48D3-AE04-E6F3C3767F39}
		{EC84BBDF-A0E3-491D-8AFE-930ECA7C1B33} = {96B4460F-E01E-448F-AC2F-4870C3E55569}
		{8BB02B20-7035-4ADF-9CAF-D59187695E6D} = {A52A2DCF-045D-41B1-A161-AC0F9340A113}
		{836EEA57-DCA8-4D1D-B516-C4ED6D15E89D} = {A52A2DCF-045D-41B1-A161-AC0F9340A113}
		{7032233C-20DD-4DA5-8373-C889B026F0DA} = {A52A2DCF-045D-41B1-A161-AC0F9340A113}
		{5FE0BE14-C1AA-4712-82FD-512CE9E4E1EE} = {A52A2DCF-045D-41B1-A161-AC0F9340A113}
		{4ADF1EBA-5F13-4B9C-A7B1-A4719A7839E0} = {96B4460F-E01E-448F-AC2F-4870C3E55569}
		{2B993468-A68D-41F2-858D-9B13D09231CE} = {96B4460F-E01E-448F-AC2F-4870C3E55569}
		{24342519-A5E1-46A0-A57B-62AC2BCB8237} = {4C2BEA5B-E2D8-48D3-AE04-E6F3C3767F39}
		{45F3F66C-96A2-449F-9428-D5E66EA083DB} = {96B4460F-E01E-448F-AC2F-4870C3E55569}
		{A622CB1B-2504-4E04-AD1F-DD3384F6F045} = {A52A2DCF-045D-41B1-A161-AC0F9340A113}
		{300DB4FF-F144-4460-A147-97EBE6544544} = {96B4460F-E01E-448F-AC2F-4870C3E55569}
		{693E4215-7F0B-489D-9DEF-C30D0E8144D5} = {A52A2DCF-045D-41B1-A161-AC0F9340A113}
	EndGlobalSection
EndGlobal
